
Microsoft Visual Studio Solution File, Format Version 12.00
# Visual Studio Version 17
VisualStudioVersion = 17.8.34309.116
MinimumVisualStudioVersion = 10.0.40219.1
Project("{FAE04EC0-301F-11D3-BF4B-00C04F79EFBC}") = "GitHubSearch", "GitHubSearch.csproj", "{F1D451F8-2897-46C5-931E-1219CB213289}"
EndProject
Project("{FAE04EC0-301F-11D3-BF4B-00C04F79EFBC}") = "Tests", "Tests\Tests.csproj", "{4031406C-07E4-4B1F-A56C-862694BCF069}"
EndProject
Global
	GlobalSection(SolutionConfigurationPlatforms) = preSolution
		Debug|Any CPU = Debug|Any CPU
		Release|Any CPU = Release|Any CPU
	EndGlobalSection
	GlobalSection(ProjectConfigurationPlatforms) = postSolution
		{F1D451F8-2897-46C5-931E-1219CB213289}.Debug|Any CPU.ActiveCfg = Debug|Any CPU
		{F1D451F8-2897-46C5-931E-1219CB213289}.Debug|Any CPU.Build.0 = Debug|Any CPU
		{F1D451F8-2897-46C5-931E-1219CB213289}.Release|Any CPU.ActiveCfg = Release|Any CPU
		{F1D451F8-2897-46C5-931E-1219CB213289}.Release|Any CPU.Build.0 = Release|Any CPU
		{4031406C-07E4-4B1F-A56C-862694BCF069}.Debug|Any CPU.ActiveCfg = Debug|Any CPU
		{4031406C-07E4-4B1F-A56C-862694BCF069}.Debug|Any CPU.Build.0 = Debug|Any CPU
		{4031406C-07E4-4B1F-A56C-862694BCF069}.Release|Any CPU.ActiveCfg = Release|Any CPU
		{4031406C-07E4-4B1F-A56C-862694BCF069}.Release|Any CPU.Build.0 = Release|Any CPU
	EndGlobalSection
	GlobalSection(SolutionProperties) = preSolution
		HideSolutionNode = FALSE
	EndGlobalSection
	GlobalSection(ExtensibilityGlobals) = postSolution
		SolutionGuid = {99BC511F-DD56-45D7-ADD9-177F5F1D77C8}
	EndGlobalSection
EndGlobal
